
Microsoft Visual Studio Solution File, Format Version 12.00
# Visual Studio Version 17
VisualStudioVersion = 17.0.32014.148
MinimumVisualStudioVersion = 10.0.40219.1
Project("{9A19103F-16F7-4668-BE54-9A1E7A4F7556}") = "POC_OpenCart", "POC_OpenCart\POC_OpenCart.csproj", "{110FBEF5-99F3-4E07-8600-D270A19A0B0D}"
EndProject
Global
	GlobalSection(SolutionConfigurationPlatforms) = preSolution
		Debug|Any CPU = Debug|Any CPU
		Release|Any CPU = Release|Any CPU
	EndGlobalSection
	GlobalSection(ProjectConfigurationPlatforms) = postSolution
		{110FBEF5-99F3-4E07-8600-D270A19A0B0D}.Debug|Any CPU.ActiveCfg = Debug|Any CPU
		{110FBEF5-99F3-4E07-8600-D270A19A0B0D}.Debug|Any CPU.Build.0 = Debug|Any CPU
		{110FBEF5-99F3-4E07-8600-D270A19A0B0D}.Release|Any CPU.ActiveCfg = Release|Any CPU
		{110FBEF5-99F3-4E07-8600-D270A19A0B0D}.Release|Any CPU.Build.0 = Release|Any CPU
	EndGlobalSection
	GlobalSection(SolutionProperties) = preSolution
		HideSolutionNode = FALSE
	EndGlobalSection
	GlobalSection(ExtensibilityGlobals) = postSolution
		SolutionGuid = {2CF9C7EC-BD4A-4789-81BB-0C317560857C}
	EndGlobalSection
EndGlobal
